
Microsoft Visual Studio Solution File, Format Version 12.00
# Visual Studio 2012
Project("{FAE04EC0-301F-11D3-BF4B-00C04F79EFBC}") = "ExpenseTrackingSystem", "ExpenseTrackingSystem\ExpenseTrackingSystem.csproj", "{DA481B68-41E0-4868-8D1D-7A1AFBEFF0AA}"
EndProject
Project("{FAE04EC0-301F-11D3-BF4B-00C04F79EFBC}") = "DAL", "DAL\DAL.csproj", "{ACA4BEF3-A5E4-4048-8D23-5A19A193A281}"
EndProject
Global
	GlobalSection(SolutionConfigurationPlatforms) = preSolution
		Debug|Any CPU = Debug|Any CPU
		Release|Any CPU = Release|Any CPU
	EndGlobalSection
	GlobalSection(ProjectConfigurationPlatforms) = postSolution
		{DA481B68-41E0-4868-8D1D-7A1AFBEFF0AA}.Debug|Any CPU.ActiveCfg = Debug|Any CPU
		{DA481B68-41E0-4868-8D1D-7A1AFBEFF0AA}.Debug|Any CPU.Build.0 = Debug|Any CPU
		{DA481B68-41E0-4868-8D1D-7A1AFBEFF0AA}.Release|Any CPU.ActiveCfg = Release|Any CPU
		{DA481B68-41E0-4868-8D1D-7A1AFBEFF0AA}.Release|Any CPU.Build.0 = Release|Any CPU
		{ACA4BEF3-A5E4-4048-8D23-5A19A193A281}.Debug|Any CPU.ActiveCfg = Debug|Any CPU
		{ACA4BEF3-A5E4-4048-8D23-5A19A193A281}.Debug|Any CPU.Build.0 = Debug|Any CPU
		{ACA4BEF3-A5E4-4048-8D23-5A19A193A281}.Release|Any CPU.ActiveCfg = Release|Any CPU
		{ACA4BEF3-A5E4-4048-8D23-5A19A193A281}.Release|Any CPU.Build.0 = Release|Any CPU
	EndGlobalSection
	GlobalSection(SolutionProperties) = preSolution
		HideSolutionNode = FALSE
	EndGlobalSection
EndGlobal
